
Microsoft Visual Studio Solution File, Format Version 12.00
# Visual Studio Version 17
VisualStudioVersion = 17.11.35312.102
MinimumVisualStudioVersion = 10.0.40219.1
Project("{8BC9CEB8-8B4A-11D0-8D11-00A0C91BC942}") = "BenDitor", "..\BenDitor\BenDitor.vcxproj", "{810051AA-B68F-4AEF-94BE-E9AA7FFA9257}"
EndProject
Project("{8BC9CEB8-8B4A-11D0-8D11-00A0C91BC942}") = "BenGin", "BenGin.vcxproj", "{3C27E22D-922E-4951-8254-27800391AB18}"
EndProject
Global
	GlobalSection(SolutionConfigurationPlatforms) = preSolution
		Debug half|x64 = Debug half|x64
		Debug|x64 = Debug|x64
		Release|x64 = Release|x64
	EndGlobalSection
	GlobalSection(ProjectConfigurationPlatforms) = postSolution
		{3C27E22D-922E-4951-8254-27800391AB18}.Debug half|x64.ActiveCfg = Debug half|x64
		{3C27E22D-922E-4951-8254-27800391AB18}.Debug half|x64.Build.0 = Debug half|x64
		{3C27E22D-922E-4951-8254-27800391AB18}.Debug|x64.ActiveCfg = Debug|x64
		{3C27E22D-922E-4951-8254-27800391AB18}.Debug|x64.Build.0 = Debug|x64
		{3C27E22D-922E-4951-8254-27800391AB18}.Release|x64.ActiveCfg = Release|x64
		{3C27E22D-922E-4951-8254-27800391AB18}.Release|x64.Build.0 = Release|x64
		{810051AA-B68F-4AEF-94BE-E9AA7FFA9257}.Debug half|x64.ActiveCfg = Debug|x64
		{810051AA-B68F-4AEF-94BE-E9AA7FFA9257}.Debug half|x64.Build.0 = Debug|x64
		{810051AA-B68F-4AEF-94BE-E9AA7FFA9257}.Debug|x64.ActiveCfg = Debug|x64
		{810051AA-B68F-4AEF-94BE-E9AA7FFA9257}.Debug|x64.Build.0 = Debug|x64
		{810051AA-B68F-4AEF-94BE-E9AA7FFA9257}.Release|x64.ActiveCfg = Release|x64
		{810051AA-B68F-4AEF-94BE-E9AA7FFA9257}.Release|x64.Build.0 = Release|x64
	EndGlobalSection
	GlobalSection(SolutionProperties) = preSolution
		HideSolutionNode = FALSE
	EndGlobalSection
	GlobalSection(ExtensibilityGlobals) = postSolution
		SolutionGuid = {DA33DE2F-CEBB-4C7D-A32E-51514851A71B}
	EndGlobalSection
EndGlobal
