<?xml version="1.0" encoding="utf-8"?>
<Project ToolsVersion="4.0" xmlns="http://schemas.microsoft.com/developer/msbuild/2003">
  <ItemGroup>
    <ClCompile Include="dependencies\stb_image\stb_image.cpp" />
    <ClCompile Include="glad.c" />
    <ClCompile Include="main.cpp" />
    <ClCompile Include="SimpleObject.cpp" />
    <ClCompile Include="src\Gameplay\Player.cpp" />
    <ClCompile Include="src\AudioEngine.cpp" />
    <ClCompile Include="dependencies\imgui\imgui.cpp" />
    <ClCompile Include="dependencies\imgui\imgui_demo.cpp" />
    <ClCompile Include="dependencies\imgui\imgui_draw.cpp" />
    <ClCompile Include="dependencies\imgui\imgui_impl_glfw.cpp" />
    <ClCompile Include="dependencies\imgui\imgui_impl_opengl3.cpp" />
    <ClCompile Include="dependencies\imgui\imgui_tables.cpp" />
    <ClCompile Include="dependencies\imgui\imgui_widgets.cpp" />
    <ClCompile Include="src\Basic\Shader.cpp" />
    <ClCompile Include="src\Component\BoundingBox.cpp" />
    <ClCompile Include="src\Component\Camera.cpp" />
    <ClCompile Include="src\Input\InputManager.cpp" />
    <ClCompile Include="src\Input\Input.cpp" />
    <ClCompile Include="dependencies\imguizmo\GraphEditor.cpp" />
    <ClCompile Include="dependencies\imguizmo\ImCurveEdit.cpp" />
    <ClCompile Include="dependencies\imguizmo\ImGradient.cpp" />
    <ClCompile Include="dependencies\imguizmo\ImGuizmo.cpp" />
    <ClCompile Include="dependencies\imguizmo\ImSequencer.cpp" />
    <ClCompile Include="src\Basic\Animation.cpp" />
    <ClCompile Include="src\Basic\Bone.cpp" />
    <ClCompile Include="src\Basic\Animator.cpp" />
    <ClCompile Include="src\Basic\Node.cpp" />
    <ClCompile Include="src\Component\CameraGlobals.cpp" />
    <ClCompile Include="Grid.cpp" />
    <ClCompile Include="src\ResourceManager.cpp" />
    <ClCompile Include="src\System\Editor.cpp" />
    <ClCompile Include="src\System\Engine.cpp" />
    <ClCompile Include="src\System\Window.cpp" />
    <ClCompile Include="src\System\Serialization.cpp" />
    <ClCompile Include="src\System\Game.cpp" />
    <ClCompile Include="src\System\Component.cpp" />
    <ClCompile Include="src\Gameplay\Script.cpp" />
    <ClCompile Include="src\Gameplay\ScriptFactory.cpp" />
    <ClCompile Include="src\Gameplay\PlayerController.cpp" />
    <ClCompile Include="src\System\PhysicsSystem.cpp" />
    <ClCompile Include="src\System\Rigidbody.cpp" />
    <ClCompile Include="Tag.cpp" />
    <ClCompile Include="src\Gameplay\Virus.cpp" />
    <ClCompile Include="src\Gameplay\Scale.cpp" />
    <ClCompile Include="src\Gameplay\CameraFollow.cpp" />
    <ClCompile Include="src\Gameplay\Fan.cpp" />
    <ClCompile Include="src\Gameplay\Button.cpp" />
    <ClCompile Include="src\Gameplay\RotateObject.cpp" />
    <ClCompile Include="src\Gameplay\Platform.cpp" />
    <ClCompile Include="src\Gameplay\CollisionTest.cpp" />
    <ClCompile Include="src\Gameplay\GroundObject.cpp" />
    <ClCompile Include="src\Gameplay\PlayerSpawner.cpp" />
    <ClCompile Include="src\Gameplay\Checkpoint.cpp" />
    <ClCompile Include="src\Gameplay\Spikes.cpp" />
    <ClCompile Include="src\System\PrefabRegistry.cpp" />
    <ClCompile Include="src\Gameplay\GasParticle.cpp" />
    <ClCompile Include="src\Gameplay\GasWall.cpp" />
    <ClCompile Include="src\Gameplay\Door.cpp" />
    <ClCompile Include="src\Gameplay\LevelGenerator.cpp" />
    <ClCompile Include="src\Gameplay\Electrified.cpp" />
    <ClCompile Include="src\Gameplay\PowerActivator.cpp" />
    <ClCompile Include="src\Gameplay\NPC.cpp" />
    <ClCompile Include="src\Basic\Model.cpp" />
    <ClCompile Include="src\Gameplay\PlayerAnimationController.cpp" />
    <ClCompile Include="src\Gameplay\IPlayerAnimState.h" />
    <ClCompile Include="src\Gameplay\IdleState.cpp" />
    <ClCompile Include="src\Gameplay\RunState.cpp" />
    <ClCompile Include="src\Gameplay\JumpState.cpp" />
    <ClCompile Include="src\Gameplay\FallState.cpp" />
    <ClCompile Include="src\Gameplay\LandState.cpp" />
    <ClCompile Include="src\Gameplay\TurnState.cpp" />
    <ClCompile Include="src\Gameplay\RiseState.cpp" />
  </ItemGroup>
  <ItemGroup>
    <ClInclude Include="config.h" />
    <ClInclude Include="dependencies\stb_image\stb_image.h" />
    <ClInclude Include="SimpleObject.h" />
    <ClInclude Include="src\Basic\Mesh.h" />
    <ClInclude Include="src\Basic\Model.h" />
    <ClInclude Include="src\Basic\Node.h" />
    <ClInclude Include="src\Gameplay\Player.h" />
    <ClInclude Include="Light.h" />
    <ClInclude Include="src\AudioEngine.h" />
    <ClInclude Include="dependencies\fmod\fmod.h" />
    <ClInclude Include="dependencies\fmod\fmod.hpp" />
    <ClInclude Include="dependencies\fmod\fmod_codec.h" />
    <ClInclude Include="dependencies\fmod\fmod_common.h" />
    <ClInclude Include="dependencies\fmod\fmod_dsp.h" />
    <ClInclude Include="dependencies\fmod\fmod_dsp_effects.h" />
    <ClInclude Include="dependencies\fmod\fmod_errors.h" />
    <ClInclude Include="dependencies\fmod\fmod_output.h" />
    <ClInclude Include="dependencies\fmod_studio\fmod_studio.h" />
    <ClInclude Include="dependencies\fmod_studio\fmod_studio.hpp" />
    <ClInclude Include="dependencies\fmod_studio\fmod_studio_common.h" />
    <ClInclude Include="dependencies\imgui\imconfig.h" />
    <ClInclude Include="dependencies\imgui\imgui.h" />
    <ClInclude Include="dependencies\imgui\imgui_impl_glfw.h" />
    <ClInclude Include="dependencies\imgui\imgui_impl_opengl3.h" />
    <ClInclude Include="dependencies\imgui\imgui_impl_opengl3_loader.h" />
    <ClInclude Include="dependencies\imgui\imgui_internal.h" />
    <ClInclude Include="dependencies\imgui\imstb_rectpack.h" />
    <ClInclude Include="dependencies\imgui\imstb_textedit.h" />
    <ClInclude Include="dependencies\imgui\imstb_truetype.h" />
    <ClInclude Include="src\Basic\Shader.h" />
    <ClInclude Include="src\Component\BoundingBox.h" />
    <ClInclude Include="src\Component\Camera.h" />
    <ClInclude Include="src\Input\InputManager.h" />
    <ClInclude Include="src\Input\InputKey.h" />
    <ClInclude Include="src\System\ServiceLocator.h" />
    <ClInclude Include="src\Input\InputDevice.h" />
    <ClInclude Include="src\Input\Input.h" />
    <ClInclude Include="src\System\Window.h" />
    <ClInclude Include="src\Text\Text.h" />
    <ClInclude Include="src\HUD\Background.h" />
    <ClInclude Include="src\HUD\Sprite.h" />
    <ClInclude Include="dependencies\ft2build.h" />
    <ClInclude Include="dependencies\imguizmo\GraphEditor.h" />
    <ClInclude Include="dependencies\imguizmo\ImCurveEdit.h" />
    <ClInclude Include="dependencies\imguizmo\ImGradient.h" />
    <ClInclude Include="dependencies\imguizmo\ImGuizmo.h" />
    <ClInclude Include="dependencies\imguizmo\ImSequencer.h" />
    <ClInclude Include="dependencies\imguizmo\ImZoomSlider.h" />
    <ClInclude Include="src\Basic\Animation.h" />
    <ClInclude Include="src\Basic\Bone.h" />
    <ClInclude Include="src\Basic\Animator.h" />
    <ClInclude Include="src\System\Serialization.h" />
    <ClInclude Include="src\Component\CameraGlobals.h" />
    <ClInclude Include="Grid.h" />
    <ClInclude Include="src\ResourceManager.h" />
    <ClInclude Include="src\System\Editor.h" />
    <ClInclude Include="src\System\Engine.h" />
    <ClInclude Include="src\System\Game.h" />
    <ClInclude Include="src\System\Component.h" />
    <ClInclude Include="src\Gameplay\Script.h" />
    <ClInclude Include="src\Gameplay\ScriptFactory.h" />
    <ClInclude Include="src\Gameplay\RegisterScript.h" />
    <ClInclude Include="src\Gameplay\PlayerController.h" />
    <ClInclude Include="src\System\PhysicsSystem.h" />
    <ClInclude Include="src\System\Rigidbody.h" />
    <ClInclude Include="src\System\Tag.h" />
    <ClInclude Include="src\Gameplay\GameMath.h" />
    <ClInclude Include="src\Gameplay\Virus.h" />
    <ClInclude Include="src\Gameplay\Scale.h" />
    <ClInclude Include="src\Gameplay\CameraFollow.h" />
    <ClInclude Include="src\Gameplay\Fan.h" />
    <ClInclude Include="src\Gameplay\Button.h" />
    <ClInclude Include="src\Gameplay\RotateObject.h" />
    <ClInclude Include="src\Particle\Particle.h" />
    <ClInclude Include="src\Gameplay\Platform.h" />
    <ClInclude Include="src\Gameplay\CollisionTest.h" />
    <ClInclude Include="src\Gameplay\GroundObject.h" />
    <ClInclude Include="src\Gameplay\PlayerSpawner.h" />
    <ClInclude Include="src\Gameplay\Checkpoint.h" />
    <ClInclude Include="src\Gameplay\Spikes.h" />
    <ClInclude Include="src\Particle\Particle.h" />
    <ClInclude Include="src\System\PrefabRegistry.h" />
    <ClInclude Include="src\Gameplay\GasParticle.h" />
    <ClInclude Include="src\Gameplay\GasWall.h" />
    <ClInclude Include="src\Gameplay\Door.h" />
    <ClInclude Include="src\Gameplay\LevelGenerator.h" />
    <ClInclude Include="src\Gameplay\Electrified.h" />
    <ClInclude Include="src\Gameplay\PowerActivator.h" />
    <ClInclude Include="src\Gameplay\NPC.h" />
    <ClInclude Include="src\Gameplay\PlayerAnimationController.h" />
    <ClInclude Include="src\Gameplay\IdleState.h" />
    <ClInclude Include="src\Gameplay\RunState.h" />
    <ClInclude Include="src\Gameplay\JumpState.h" />
    <ClInclude Include="src\Gameplay\FallState.h" />
    <ClInclude Include="src\Gameplay\LandState.h" />
    <ClInclude Include="src\Gameplay\TurnState.h" />
    <ClInclude Include="src\Gameplay\RiseState.h" />
  </ItemGroup>
  <ItemGroup>
    <None Include="res\shaders\basic.frag" />
    <None Include="res\shaders\basic.vert" />
    <None Include="res\shaders\outline.frag" />
    <None Include="dependencies\fmod\fmod_dsp.cs" />
    <None Include="dependencies\fmod\fmod_errors.cs" />
    <None Include="dependencies\fmod\fmod.cs" />
    <None Include="dependencies\fmod_studio\fmod_studio.cs" />
    <None Include="fmodstudioL.dll" />
    <None Include="fmodL.dll" />
    <None Include="assimp.dll" />
    <None Include="res\shaders\triangle.vert" />
    <None Include="res\shaders\triangle.frag" />
    <None Include="res\shaders\instanced.vert" />
    <None Include="res\shaders\text.frag" />
    <None Include="res\shaders\text.vert" />
    <None Include="res\shaders\background.frag" />
    <None Include="freetype.dll" />
    <None Include="res\shaders\grid.vert" />
    <None Include="res\shaders\grid.frag" />
    <None Include="res\shaders\tile.vert" />
    <None Include="res\shaders\vhs.frag" />
    <None Include="res\shaders\vhs.vert" />
    <None Include="cpp.hint" />
    <None Include="res\shaders\particle.frag" />
    <None Include="res\shaders\particle.vert" />
    <None Include="res\shaders\gas.frag" />
    <None Include="res\shaders\gas.vert" />
    <None Include="..\..\..\Downloads\szczur.glb" />
  </ItemGroup>
  <ItemGroup>
    <Library Include="dependencies\lib\fmodL_vc.lib" />
    <Library Include="dependencies\lib\fmodstudioL_vc.lib" />
    <None Include="res\shaders\shadow.frag" />
    <None Include="res\shaders\shadow.vert" />
  </ItemGroup>
</Project>