<?xml version="1.0" encoding="utf-8"?>
<Project ToolsVersion="4.0" xmlns="http://schemas.microsoft.com/developer/msbuild/2003">
  <ItemGroup>
    <ClCompile Include="BoundingBox.cpp" />
    <ClCompile Include="Camera.cpp" />
    <ClCompile Include="dependencies\stb_image\stb_image.cpp" />
    <ClCompile Include="glad.c" />
    <ClCompile Include="main.cpp" />
    <ClCompile Include="Shader.cpp" />
    <ClCompile Include="SimpleObject.cpp" />
    <ClCompile Include="src\Gameplay\Player.cpp" />
  </ItemGroup>
  <ItemGroup>
    <ClInclude Include="BoundingBox.h" />
    <ClInclude Include="Camera.h" />
    <ClInclude Include="config.h" />
    <ClInclude Include="dependencies\stb_image\stb_image.h" />
    <ClInclude Include="Shader.h" />
    <ClInclude Include="SimpleObject.h" />
    <ClInclude Include="src\Basic\Mesh.h" />
    <ClInclude Include="src\Basic\Model.h" />
    <ClInclude Include="src\Basic\Node.h" />
    <ClInclude Include="src\Gameplay\Player.h" />
    <ClInclude Include="Light.h" />
  </ItemGroup>
  <ItemGroup>
    <None Include="res\shaders\basic.frag" />
    <None Include="res\shaders\basic.vert" />
    <None Include="res\shaders\outline.frag" />
    <None Include="res\shaders\shadow.frag" />
    <None Include="res\shaders\shadow.vert" />
  </ItemGroup>
</Project>